
Microsoft Visual Studio Solution File, Format Version 12.00
# Visual Studio 15
VisualStudioVersion = 15.0.28307.902
MinimumVisualStudioVersion = 10.0.40219.1
Project("{FAE04EC0-301F-11D3-BF4B-00C04F79EFBC}") = "ObserveElementPropertyChanged", "ObserveElementPropertyChanged\ObserveElementPropertyChanged.csproj", "{9166ABD7-6680-4023-B09B-3C7F04EF515C}"
EndProject
Global
	GlobalSection(SolutionConfigurationPlatforms) = preSolution
		Debug|Any CPU = Debug|Any CPU
		Release|Any CPU = Release|Any CPU
	EndGlobalSection
	GlobalSection(ProjectConfigurationPlatforms) = postSolution
		{9166ABD7-6680-4023-B09B-3C7F04EF515C}.Debug|Any CPU.ActiveCfg = Debug|Any CPU
		{9166ABD7-6680-4023-B09B-3C7F04EF515C}.Debug|Any CPU.Build.0 = Debug|Any CPU
		{9166ABD7-6680-4023-B09B-3C7F04EF515C}.Release|Any CPU.ActiveCfg = Release|Any CPU
		{9166ABD7-6680-4023-B09B-3C7F04EF515C}.Release|Any CPU.Build.0 = Release|Any CPU
	EndGlobalSection
	GlobalSection(SolutionProperties) = preSolution
		HideSolutionNode = FALSE
	EndGlobalSection
	GlobalSection(ExtensibilityGlobals) = postSolution
		SolutionGuid = {22B7AD08-1E22-43EB-8F5E-966A1D9E0D2F}
	EndGlobalSection
EndGlobal
